
Microsoft Visual Studio Solution File, Format Version 12.00
# Visual Studio Version 17
VisualStudioVersion = 17.13.35931.197 d17.13
MinimumVisualStudioVersion = 10.0.40219.1
Project("{FAE04EC0-301F-11D3-BF4B-00C04F79EFBC}") = "SME_API_KPI", "SME_API_KPI\SME_API_KPI.csproj", "{A78F6963-46E9-412A-971F-1714ABEEF6E1}"
EndProject
Global
	GlobalSection(SolutionConfigurationPlatforms) = preSolution
		Debug|Any CPU = Debug|Any CPU
		Release|Any CPU = Release|Any CPU
	EndGlobalSection
	GlobalSection(ProjectConfigurationPlatforms) = postSolution
		{A78F6963-46E9-412A-971F-1714ABEEF6E1}.Debug|Any CPU.ActiveCfg = Debug|Any CPU
		{A78F6963-46E9-412A-971F-1714ABEEF6E1}.Debug|Any CPU.Build.0 = Debug|Any CPU
		{A78F6963-46E9-412A-971F-1714ABEEF6E1}.Release|Any CPU.ActiveCfg = Release|Any CPU
		{A78F6963-46E9-412A-971F-1714ABEEF6E1}.Release|Any CPU.Build.0 = Release|Any CPU
	EndGlobalSection
	GlobalSection(SolutionProperties) = preSolution
		HideSolutionNode = FALSE
	EndGlobalSection
	GlobalSection(ExtensibilityGlobals) = postSolution
		SolutionGuid = {B3E6530B-B4D7-4835-A158-6D8B6D9F9004}
	EndGlobalSection
EndGlobal
